
Microsoft Visual Studio Solution File, Format Version 12.00
# Visual Studio 15
VisualStudioVersion = 15.0.26730.8
MinimumVisualStudioVersion = 10.0.40219.1
Project("{FAE04EC0-301F-11D3-BF4B-00C04F79EFBC}") = "Informatorio.Pokedex.Presentation", "Informatorio.Pokedex.Presentation\Informatorio.Pokedex.Presentation.csproj", "{256ECC26-5928-4F1F-B259-1ADB66CC52E1}"
EndProject
Project("{FAE04EC0-301F-11D3-BF4B-00C04F79EFBC}") = "Informatorio.pokedex.Business", "Informatorio.pokedex.Business\Informatorio.pokedex.Business.csproj", "{AEB65902-4B03-481D-A06A-0602C3926F82}"
EndProject
Project("{FAE04EC0-301F-11D3-BF4B-00C04F79EFBC}") = "Informatorio.Pokedex.Data", "Informatorio.Pokedex.Data\Informatorio.Pokedex.Data.csproj", "{68FB03A9-5962-4BE8-B5D2-E7E4594F17C5}"
EndProject
Global
	GlobalSection(SolutionConfigurationPlatforms) = preSolution
		Debug|Any CPU = Debug|Any CPU
		Release|Any CPU = Release|Any CPU
	EndGlobalSection
	GlobalSection(ProjectConfigurationPlatforms) = postSolution
		{256ECC26-5928-4F1F-B259-1ADB66CC52E1}.Debug|Any CPU.ActiveCfg = Debug|Any CPU
		{256ECC26-5928-4F1F-B259-1ADB66CC52E1}.Debug|Any CPU.Build.0 = Debug|Any CPU
		{256ECC26-5928-4F1F-B259-1ADB66CC52E1}.Release|Any CPU.ActiveCfg = Release|Any CPU
		{256ECC26-5928-4F1F-B259-1ADB66CC52E1}.Release|Any CPU.Build.0 = Release|Any CPU
		{AEB65902-4B03-481D-A06A-0602C3926F82}.Debug|Any CPU.ActiveCfg = Debug|Any CPU
		{AEB65902-4B03-481D-A06A-0602C3926F82}.Debug|Any CPU.Build.0 = Debug|Any CPU
		{AEB65902-4B03-481D-A06A-0602C3926F82}.Release|Any CPU.ActiveCfg = Release|Any CPU
		{AEB65902-4B03-481D-A06A-0602C3926F82}.Release|Any CPU.Build.0 = Release|Any CPU
		{68FB03A9-5962-4BE8-B5D2-E7E4594F17C5}.Debug|Any CPU.ActiveCfg = Debug|Any CPU
		{68FB03A9-5962-4BE8-B5D2-E7E4594F17C5}.Debug|Any CPU.Build.0 = Debug|Any CPU
		{68FB03A9-5962-4BE8-B5D2-E7E4594F17C5}.Release|Any CPU.ActiveCfg = Release|Any CPU
		{68FB03A9-5962-4BE8-B5D2-E7E4594F17C5}.Release|Any CPU.Build.0 = Release|Any CPU
	EndGlobalSection
	GlobalSection(SolutionProperties) = preSolution
		HideSolutionNode = FALSE
	EndGlobalSection
	GlobalSection(ExtensibilityGlobals) = postSolution
		SolutionGuid = {51DD8F9F-7D98-493A-9C2A-EC29B17A2074}
	EndGlobalSection
EndGlobal
