
Microsoft Visual Studio Solution File, Format Version 12.00
# Visual Studio 15
VisualStudioVersion = 15.0.26730.8
MinimumVisualStudioVersion = 10.0.40219.1
Project("{FAE04EC0-301F-11D3-BF4B-00C04F79EFBC}") = "EFExample", "EFExample\EFExample.csproj", "{61D9448E-A83F-40F8-A539-D6972A35223E}"
EndProject
Project("{FAE04EC0-301F-11D3-BF4B-00C04F79EFBC}") = "Data", "Data\Data.csproj", "{5B6E3630-0DC6-4A6D-A835-7E76206D21C2}"
EndProject
Project("{FAE04EC0-301F-11D3-BF4B-00C04F79EFBC}") = "DataBaseFirst", "DataBaseFirst\DataBaseFirst.csproj", "{6058DC35-4E54-4169-903A-5C7AE9E6892D}"
EndProject
Global
	GlobalSection(SolutionConfigurationPlatforms) = preSolution
		Debug|Any CPU = Debug|Any CPU
		Release|Any CPU = Release|Any CPU
	EndGlobalSection
	GlobalSection(ProjectConfigurationPlatforms) = postSolution
		{61D9448E-A83F-40F8-A539-D6972A35223E}.Debug|Any CPU.ActiveCfg = Debug|Any CPU
		{61D9448E-A83F-40F8-A539-D6972A35223E}.Debug|Any CPU.Build.0 = Debug|Any CPU
		{61D9448E-A83F-40F8-A539-D6972A35223E}.Release|Any CPU.ActiveCfg = Release|Any CPU
		{61D9448E-A83F-40F8-A539-D6972A35223E}.Release|Any CPU.Build.0 = Release|Any CPU
		{5B6E3630-0DC6-4A6D-A835-7E76206D21C2}.Debug|Any CPU.ActiveCfg = Debug|Any CPU
		{5B6E3630-0DC6-4A6D-A835-7E76206D21C2}.Debug|Any CPU.Build.0 = Debug|Any CPU
		{5B6E3630-0DC6-4A6D-A835-7E76206D21C2}.Release|Any CPU.ActiveCfg = Release|Any CPU
		{5B6E3630-0DC6-4A6D-A835-7E76206D21C2}.Release|Any CPU.Build.0 = Release|Any CPU
		{6058DC35-4E54-4169-903A-5C7AE9E6892D}.Debug|Any CPU.ActiveCfg = Debug|Any CPU
		{6058DC35-4E54-4169-903A-5C7AE9E6892D}.Debug|Any CPU.Build.0 = Debug|Any CPU
		{6058DC35-4E54-4169-903A-5C7AE9E6892D}.Release|Any CPU.ActiveCfg = Release|Any CPU
		{6058DC35-4E54-4169-903A-5C7AE9E6892D}.Release|Any CPU.Build.0 = Release|Any CPU
	EndGlobalSection
	GlobalSection(SolutionProperties) = preSolution
		HideSolutionNode = FALSE
	EndGlobalSection
	GlobalSection(ExtensibilityGlobals) = postSolution
		SolutionGuid = {897F2238-5456-4365-B55C-D7A94FDF1F08}
	EndGlobalSection
EndGlobal
